// !$*UTF8*$!
{
	archiveVersion = 1;
	classes = {
	};
	objectVersion = 56;
	objects = {

/* Begin PBXBuildFile section */
		B20000000000000000000050 /* PetActionDock.swift in Sources */ = {isa = PBXBuildFile; fileRef = B10000000000000000000050; };
		B20000000000000000000049 /* PetPlacementGuide.swift in Sources */ = {isa = PBXBuildFile; fileRef = B10000000000000000000049; };
		B20000000000000000000048 /* PetDock.swift in Sources */ = {isa = PBXBuildFile; fileRef = B10000000000000000000048; };
		B20000000000000000000042 /* CompanionPresentation.swift in Sources */ = {isa = PBXBuildFile; fileRef = B10000000000000000000042; };
		B20000000000000000000044 /* PetPerchView.swift in Sources */ = {isa = PBXBuildFile; fileRef = B10000000000000000000044; };
		B20000000000000000000047 /* PetPoseSource.swift in Sources */ = {isa = PBXBuildFile; fileRef = B10000000000000000000047; };
		B20000000000000000000046 /* PetFollowView.swift in Sources */ = {isa = PBXBuildFile; fileRef = B10000000000000000000046; };
		B20000000000000000000045 /* PetFollow.swift in Sources */ = {isa = PBXBuildFile; fileRef = B10000000000000000000045; };
		B20000000000000000000043 /* PetPerch.swift in Sources */ = {isa = PBXBuildFile; fileRef = B10000000000000000000043; };
		B20000000000000000000041 /* PetLifecycle.swift in Sources */ = {isa = PBXBuildFile; fileRef = B10000000000000000000041; };
		B20000000000000000000040 /* PetRolePolicy.swift in Sources */ = {isa = PBXBuildFile; fileRef = B10000000000000000000040; };
		B20000000000000000000039 /* CapybaraVolumeView.swift in Sources */ = {isa = PBXBuildFile; fileRef = B10000000000000000000039; };
		B20000000000000000000038 /* CapybaraGeometry.swift in Sources */ = {isa = PBXBuildFile; fileRef = B10000000000000000000038; };
		B20000000000000000000032 /* OwlVolumeView.swift in Sources */ = {isa = PBXBuildFile; fileRef = B10000000000000000000032; };
		B20000000000000000000031 /* OwlPose.swift in Sources */ = {isa = PBXBuildFile; fileRef = B10000000000000000000031; };
		B20000000000000000000033 /* OwlMotion.swift in Sources */ = {isa = PBXBuildFile; fileRef = B10000000000000000000033; };
		B20000000000000000000035 /* OwlGeometry.swift in Sources */ = {isa = PBXBuildFile; fileRef = B10000000000000000000035; };
		B20000000000000000000037 /* PetLanding.swift in Sources */ = {isa = PBXBuildFile; fileRef = B10000000000000000000037; };
		B20000000000000000000036 /* PetLayout.swift in Sources */ = {isa = PBXBuildFile; fileRef = B10000000000000000000036; };
		B20000000000000000000051 /* SketchStrokeMesh.swift in Sources */ = {isa = PBXBuildFile; fileRef = B10000000000000000000051; };
		B20000000000000000000052 /* SpatialSketch.swift in Sources */ = {isa = PBXBuildFile; fileRef = B10000000000000000000052; };
		B20000000000000000000053 /* SketchSpaceView.swift in Sources */ = {isa = PBXBuildFile; fileRef = B10000000000000000000053; };
B20000000000000000000060 /* Model3D.swift in Sources */ = {isa = PBXBuildFile; fileRef = B10000000000000000000060; };
B20000000000000000000061 /* Model3DView.swift in Sources */ = {isa = PBXBuildFile; fileRef = B10000000000000000000061; };
		B20000000000000000000034 /* OwlStance.swift in Sources */ = {isa = PBXBuildFile; fileRef = B10000000000000000000034; };
B20000000000000000000030 /* CastArtifactScene.swift in Sources */ = {isa = PBXBuildFile; fileRef = B10000000000000000000030; };
B20000000000000000000029 /* CastArtifacts.swift in Sources */ = {isa = PBXBuildFile; fileRef = B10000000000000000000029; };
B20000000000000000000028 /* CastSpace.swift in Sources */ = {isa = PBXBuildFile; fileRef = B10000000000000000000028; };
B20000000000000000000027 /* CastLayout.swift in Sources */ = {isa = PBXBuildFile; fileRef = B10000000000000000000027; };
B20000000000000000000026 /* StreamManagement.swift in Sources */ = {isa = PBXBuildFile; fileRef = B10000000000000000000026; };
B20000000000000000000025 /* CastCredentials.swift in Sources */ = {isa = PBXBuildFile; fileRef = B10000000000000000000025; };
		A1000000000000000000119 /* PanelWindowScene.swift in Sources */ = {isa = PBXBuildFile; fileRef = A1000000000000000000019 /* PanelWindowScene.swift */; };
		A1000000000000000000118 /* PanelWindows.swift in Sources */ = {isa = PBXBuildFile; fileRef = A1000000000000000000018 /* PanelWindows.swift */; };
		A1000000000000000000117 /* SecondOpinion.swift in Sources */ = {isa = PBXBuildFile; fileRef = A1000000000000000000017 /* SecondOpinion.swift */; };
		A1000000000000000000116 /* OrbPresentation.swift in Sources */ = {isa = PBXBuildFile; fileRef = A1000000000000000000016 /* OrbPresentation.swift */; };
		A1000000000000000000115 /* Assets.xcassets in Resources */ = {isa = PBXBuildFile; fileRef = A1000000000000000000015 /* Assets.xcassets */; };
		A1000000000000000000101 /* KyraVisionApp.swift in Sources */ = {isa = PBXBuildFile; fileRef = A1000000000000000000001 /* KyraVisionApp.swift */; };
		A1000000000000000000102 /* ContentView.swift in Sources */ = {isa = PBXBuildFile; fileRef = A1000000000000000000002 /* ContentView.swift */; };
		A1000000000000000000103 /* KyraClient.swift in Sources */ = {isa = PBXBuildFile; fileRef = A1000000000000000000003 /* KyraClient.swift */; };
		A1000000000000000000104 /* PresenceOrb.swift in Sources */ = {isa = PBXBuildFile; fileRef = A1000000000000000000004 /* PresenceOrb.swift */; };
		A1000000000000000000105 /* SpeechPlayer.swift in Sources */ = {isa = PBXBuildFile; fileRef = A1000000000000000000005 /* SpeechPlayer.swift */; };
		A1000000000000000000107 /* TodayView.swift in Sources */ = {isa = PBXBuildFile; fileRef = A1000000000000000000007 /* TodayView.swift */; };
		A1000000000000000000108 /* QueueSimulation.swift in Sources */ = {isa = PBXBuildFile; fileRef = A1000000000000000000008 /* QueueSimulation.swift */; };
		A1000000000000000000109 /* WorkspaceView.swift in Sources */ = {isa = PBXBuildFile; fileRef = A1000000000000000000009 /* WorkspaceView.swift */; };
		A1000000000000000000110 /* LearningLabView.swift in Sources */ = {isa = PBXBuildFile; fileRef = A1000000000000000000010 /* LearningLabView.swift */; };
		A1000000000000000000111 /* WorkspaceState.swift in Sources */ = {isa = PBXBuildFile; fileRef = A1000000000000000000011 /* WorkspaceState.swift */; };
		A1000000000000000000112 /* LearningLab.swift in Sources */ = {isa = PBXBuildFile; fileRef = A1000000000000000000012 /* LearningLab.swift */; };
		A1000000000000000000113 /* VoiceInput.swift in Sources */ = {isa = PBXBuildFile; fileRef = A1000000000000000000013 /* VoiceInput.swift */; };
		A1000000000000000000114 /* VoiceStream.swift in Sources */ = {isa = PBXBuildFile; fileRef = A1000000000000000000014 /* VoiceStream.swift */; };
		B20000000000000000000020 /* CastWindowScene.swift in Sources */ = {isa = PBXBuildFile; fileRef = B10000000000000000000020; };
		B20000000000000000000021 /* CastProtocol.swift in Sources */ = {isa = PBXBuildFile; fileRef = B10000000000000000000021; };
		B20000000000000000000022 /* CastConnection.swift in Sources */ = {isa = PBXBuildFile; fileRef = B10000000000000000000022; };
		B20000000000000000000023 /* CastVideo.swift in Sources */ = {isa = PBXBuildFile; fileRef = B10000000000000000000023; };
		B20000000000000000000024 /* CastClient.swift in Sources */ = {isa = PBXBuildFile; fileRef = B10000000000000000000024; };
/* End PBXBuildFile section */

/* Begin PBXFileReference section */
		B10000000000000000000050 /* PetActionDock.swift */ = {isa = PBXFileReference; lastKnownFileType = sourcecode.swift; path = PetActionDock.swift; sourceTree = "<group>"; };
		B10000000000000000000049 /* PetPlacementGuide.swift */ = {isa = PBXFileReference; lastKnownFileType = sourcecode.swift; path = PetPlacementGuide.swift; sourceTree = "<group>"; };
		B10000000000000000000048 /* PetDock.swift */ = {isa = PBXFileReference; lastKnownFileType = sourcecode.swift; path = PetDock.swift; sourceTree = "<group>"; };
		B10000000000000000000042 /* CompanionPresentation.swift */ = {isa = PBXFileReference; lastKnownFileType = sourcecode.swift; path = CompanionPresentation.swift; sourceTree = "<group>"; };
		B10000000000000000000044 /* PetPerchView.swift */ = {isa = PBXFileReference; lastKnownFileType = sourcecode.swift; path = PetPerchView.swift; sourceTree = "<group>"; };
		B10000000000000000000047 /* PetPoseSource.swift */ = {isa = PBXFileReference; lastKnownFileType = sourcecode.swift; path = PetPoseSource.swift; sourceTree = "<group>"; };
		B10000000000000000000046 /* PetFollowView.swift */ = {isa = PBXFileReference; lastKnownFileType = sourcecode.swift; path = PetFollowView.swift; sourceTree = "<group>"; };
		B10000000000000000000045 /* PetFollow.swift */ = {isa = PBXFileReference; lastKnownFileType = sourcecode.swift; path = PetFollow.swift; sourceTree = "<group>"; };
		B10000000000000000000043 /* PetPerch.swift */ = {isa = PBXFileReference; lastKnownFileType = sourcecode.swift; path = PetPerch.swift; sourceTree = "<group>"; };
		B10000000000000000000041 /* PetLifecycle.swift */ = {isa = PBXFileReference; lastKnownFileType = sourcecode.swift; path = PetLifecycle.swift; sourceTree = "<group>"; };
		B10000000000000000000040 /* PetRolePolicy.swift */ = {isa = PBXFileReference; lastKnownFileType = sourcecode.swift; path = PetRolePolicy.swift; sourceTree = "<group>"; };
		B10000000000000000000039 /* CapybaraVolumeView.swift */ = {isa = PBXFileReference; lastKnownFileType = sourcecode.swift; path = CapybaraVolumeView.swift; sourceTree = "<group>"; };
		B10000000000000000000038 /* CapybaraGeometry.swift */ = {isa = PBXFileReference; lastKnownFileType = sourcecode.swift; path = CapybaraGeometry.swift; sourceTree = "<group>"; };
		B10000000000000000000032 /* OwlVolumeView.swift */ = {isa = PBXFileReference; lastKnownFileType = sourcecode.swift; path = OwlVolumeView.swift; sourceTree = "<group>"; };
		B10000000000000000000031 /* OwlPose.swift */ = {isa = PBXFileReference; lastKnownFileType = sourcecode.swift; path = OwlPose.swift; sourceTree = "<group>"; };
		B10000000000000000000033 /* OwlMotion.swift */ = {isa = PBXFileReference; lastKnownFileType = sourcecode.swift; path = OwlMotion.swift; sourceTree = "<group>"; };
		B10000000000000000000035 /* OwlGeometry.swift */ = {isa = PBXFileReference; lastKnownFileType = sourcecode.swift; path = OwlGeometry.swift; sourceTree = "<group>"; };
		B10000000000000000000037 /* PetLanding.swift */ = {isa = PBXFileReference; lastKnownFileType = sourcecode.swift; path = PetLanding.swift; sourceTree = "<group>"; };
		B10000000000000000000036 /* PetLayout.swift */ = {isa = PBXFileReference; lastKnownFileType = sourcecode.swift; path = PetLayout.swift; sourceTree = "<group>"; };
		B10000000000000000000051 /* SketchStrokeMesh.swift */ = {isa = PBXFileReference; lastKnownFileType = sourcecode.swift; path = SketchStrokeMesh.swift; sourceTree = "<group>"; };
		B10000000000000000000052 /* SpatialSketch.swift */ = {isa = PBXFileReference; lastKnownFileType = sourcecode.swift; path = SpatialSketch.swift; sourceTree = "<group>"; };
		B10000000000000000000053 /* SketchSpaceView.swift */ = {isa = PBXFileReference; lastKnownFileType = sourcecode.swift; path = SketchSpaceView.swift; sourceTree = "<group>"; };
B10000000000000000000060 /* Model3D.swift */ = {isa = PBXFileReference; lastKnownFileType = sourcecode.swift; path = Model3D.swift; sourceTree = "<group>"; };
B10000000000000000000061 /* Model3DView.swift */ = {isa = PBXFileReference; lastKnownFileType = sourcecode.swift; path = Model3DView.swift; sourceTree = "<group>"; };
		B10000000000000000000034 /* OwlStance.swift */ = {isa = PBXFileReference; lastKnownFileType = sourcecode.swift; path = OwlStance.swift; sourceTree = "<group>"; };
B10000000000000000000030 /* CastArtifactScene.swift */ = {isa = PBXFileReference; lastKnownFileType = sourcecode.swift; path = "CastArtifactScene.swift"; sourceTree = "<group>"; };
B10000000000000000000029 /* CastArtifacts.swift */ = {isa = PBXFileReference; lastKnownFileType = sourcecode.swift; path = "../../KyraCast/Protocol/CastArtifacts.swift"; sourceTree = "<group>"; };
B10000000000000000000028 /* CastSpace.swift */ = {isa = PBXFileReference; lastKnownFileType = sourcecode.swift; path = "CastSpace.swift"; sourceTree = "<group>"; };
B10000000000000000000027 /* CastLayout.swift */ = {isa = PBXFileReference; lastKnownFileType = sourcecode.swift; path = "../../KyraCast/Protocol/CastLayout.swift"; sourceTree = "<group>"; };
B10000000000000000000026 /* StreamManagement.swift */ = {isa = PBXFileReference; lastKnownFileType = sourcecode.swift; path = "../../KyraCast/Protocol/StreamManagement.swift"; sourceTree = "<group>"; };
B10000000000000000000025 /* CastCredentials.swift */ = {isa = PBXFileReference; lastKnownFileType = sourcecode.swift; path = "../../KyraCast/Shared/CastCredentials.swift"; sourceTree = "<group>"; };
		A1000000000000000000019 /* PanelWindowScene.swift */ = {isa = PBXFileReference; lastKnownFileType = sourcecode.swift; path = PanelWindowScene.swift; sourceTree = "<group>"; };
		A1000000000000000000018 /* PanelWindows.swift */ = {isa = PBXFileReference; lastKnownFileType = sourcecode.swift; path = PanelWindows.swift; sourceTree = "<group>"; };
		A1000000000000000000017 /* SecondOpinion.swift */ = {isa = PBXFileReference; lastKnownFileType = sourcecode.swift; path = SecondOpinion.swift; sourceTree = "<group>"; };
		A1000000000000000000016 /* OrbPresentation.swift */ = {isa = PBXFileReference; lastKnownFileType = sourcecode.swift; path = OrbPresentation.swift; sourceTree = "<group>"; };
		A1000000000000000000015 /* Assets.xcassets */ = {isa = PBXFileReference; lastKnownFileType = folder.assetcatalog; path = Assets.xcassets; sourceTree = "<group>"; };
		A1000000000000000000000 /* KyraVision.app */ = {isa = PBXFileReference; explicitFileType = wrapper.application; includeInIndex = 0; path = KyraVision.app; sourceTree = BUILT_PRODUCTS_DIR; };
		A1000000000000000000001 /* KyraVisionApp.swift */ = {isa = PBXFileReference; lastKnownFileType = sourcecode.swift; path = KyraVisionApp.swift; sourceTree = "<group>"; };
		A1000000000000000000002 /* ContentView.swift */ = {isa = PBXFileReference; lastKnownFileType = sourcecode.swift; path = ContentView.swift; sourceTree = "<group>"; };
		A1000000000000000000003 /* KyraClient.swift */ = {isa = PBXFileReference; lastKnownFileType = sourcecode.swift; path = KyraClient.swift; sourceTree = "<group>"; };
		A1000000000000000000004 /* PresenceOrb.swift */ = {isa = PBXFileReference; lastKnownFileType = sourcecode.swift; path = PresenceOrb.swift; sourceTree = "<group>"; };
		A1000000000000000000005 /* SpeechPlayer.swift */ = {isa = PBXFileReference; lastKnownFileType = sourcecode.swift; path = SpeechPlayer.swift; sourceTree = "<group>"; };
		A1000000000000000000007 /* TodayView.swift */ = {isa = PBXFileReference; lastKnownFileType = sourcecode.swift; path = TodayView.swift; sourceTree = "<group>"; };
		A1000000000000000000008 /* QueueSimulation.swift */ = {isa = PBXFileReference; lastKnownFileType = sourcecode.swift; path = QueueSimulation.swift; sourceTree = "<group>"; };
		A1000000000000000000009 /* WorkspaceView.swift */ = {isa = PBXFileReference; lastKnownFileType = sourcecode.swift; path = WorkspaceView.swift; sourceTree = "<group>"; };
		A1000000000000000000010 /* LearningLabView.swift */ = {isa = PBXFileReference; lastKnownFileType = sourcecode.swift; path = LearningLabView.swift; sourceTree = "<group>"; };
		A1000000000000000000011 /* WorkspaceState.swift */ = {isa = PBXFileReference; lastKnownFileType = sourcecode.swift; path = WorkspaceState.swift; sourceTree = "<group>"; };
		A1000000000000000000012 /* LearningLab.swift */ = {isa = PBXFileReference; lastKnownFileType = sourcecode.swift; path = LearningLab.swift; sourceTree = "<group>"; };
		A1000000000000000000013 /* VoiceInput.swift */ = {isa = PBXFileReference; lastKnownFileType = sourcecode.swift; path = VoiceInput.swift; sourceTree = "<group>"; };
		A1000000000000000000014 /* VoiceStream.swift */ = {isa = PBXFileReference; lastKnownFileType = sourcecode.swift; path = VoiceStream.swift; sourceTree = "<group>"; };
		B10000000000000000000020 /* CastWindowScene.swift */ = {isa = PBXFileReference; lastKnownFileType = sourcecode.swift; path = "CastWindowScene.swift"; sourceTree = "<group>"; };
		B10000000000000000000021 /* CastProtocol.swift */ = {isa = PBXFileReference; lastKnownFileType = sourcecode.swift; path = "../../KyraCast/Protocol/CastProtocol.swift"; sourceTree = "<group>"; };
		B10000000000000000000022 /* CastConnection.swift */ = {isa = PBXFileReference; lastKnownFileType = sourcecode.swift; path = "../../KyraCast/Shared/CastConnection.swift"; sourceTree = "<group>"; };
		B10000000000000000000023 /* CastVideo.swift */ = {isa = PBXFileReference; lastKnownFileType = sourcecode.swift; path = "../../KyraCast/Shared/CastVideo.swift"; sourceTree = "<group>"; };
		B10000000000000000000024 /* CastClient.swift */ = {isa = PBXFileReference; lastKnownFileType = sourcecode.swift; path = "../../KyraCast/Shared/CastClient.swift"; sourceTree = "<group>"; };
/* End PBXFileReference section */

/* Begin PBXFrameworksBuildPhase section */
		A1000000000000000000200 /* Frameworks */ = {
			isa = PBXFrameworksBuildPhase;
			buildActionMask = 2147483647;
			files = (
			);
			runOnlyForDeploymentPostprocessing = 0;
		};
/* End PBXFrameworksBuildPhase section */

/* Begin PBXGroup section */
		A1000000000000000000300 = {
			isa = PBXGroup;
			children = (
				A1000000000000000000301 /* KyraVision */,
				A1000000000000000000302 /* Products */,
			);
			sourceTree = "<group>";
		};
		A1000000000000000000301 /* KyraVision */ = {
			isa = PBXGroup;
			children = (
				B10000000000000000000027 /* CastLayout.swift */,
				B10000000000000000000028 /* CastSpace.swift */,
				B10000000000000000000029 /* CastArtifacts.swift */,
				B10000000000000000000030 /* CastArtifactScene.swift */,
				B10000000000000000000020 /* CastWindowScene.swift */,
				B10000000000000000000021 /* CastProtocol.swift */,
				B10000000000000000000022 /* CastConnection.swift */,
				B10000000000000000000023 /* CastVideo.swift */,
				B10000000000000000000024 /* CastClient.swift */,
                B10000000000000000000025 /* CastCredentials.swift */,
                B10000000000000000000026 /* StreamManagement.swift */,
				A1000000000000000000018 /* PanelWindows.swift */,
				A1000000000000000000019 /* PanelWindowScene.swift */,
				B10000000000000000000032 /* OwlVolumeView.swift */,
				B10000000000000000000031 /* OwlPose.swift */,
				B10000000000000000000033 /* OwlMotion.swift */,
				B10000000000000000000035 /* OwlGeometry.swift */,
				B10000000000000000000037 /* PetLanding.swift */,
				B10000000000000000000039 /* CapybaraVolumeView.swift */,
				B10000000000000000000042 /* CompanionPresentation.swift */,
				B10000000000000000000044 /* PetPerchView.swift */,
				B10000000000000000000047 /* PetPoseSource.swift */,
				B10000000000000000000050 /* PetActionDock.swift */,
				B10000000000000000000049 /* PetPlacementGuide.swift */,
				B10000000000000000000048 /* PetDock.swift */,
				B10000000000000000000046 /* PetFollowView.swift */,
				B10000000000000000000045 /* PetFollow.swift */,
				B10000000000000000000043 /* PetPerch.swift */,
				B10000000000000000000041 /* PetLifecycle.swift */,
				B10000000000000000000040 /* PetRolePolicy.swift */,
				B10000000000000000000038 /* CapybaraGeometry.swift */,
				B10000000000000000000036 /* PetLayout.swift */,
				B10000000000000000000051 /* SketchStrokeMesh.swift */,
				B10000000000000000000052 /* SpatialSketch.swift */,
				B10000000000000000000053 /* SketchSpaceView.swift */,
				B10000000000000000000060 /* Model3D.swift */,
				B10000000000000000000061 /* Model3DView.swift */,
				B10000000000000000000034 /* OwlStance.swift */,
				A1000000000000000000017 /* SecondOpinion.swift */,
				A1000000000000000000016 /* OrbPresentation.swift */,
				A1000000000000000000015 /* Assets.xcassets */,
				A1000000000000000000013 /* VoiceInput.swift */,
				A1000000000000000000014 /* VoiceStream.swift */,
				A1000000000000000000001 /* KyraVisionApp.swift */,
				A1000000000000000000002 /* ContentView.swift */,
				A1000000000000000000003 /* KyraClient.swift */,
				A1000000000000000000004 /* PresenceOrb.swift */,
				A1000000000000000000005 /* SpeechPlayer.swift */,
				A1000000000000000000007 /* TodayView.swift */,
				A1000000000000000000012 /* LearningLab.swift */,
				A1000000000000000000011 /* WorkspaceState.swift */,
				A1000000000000000000010 /* LearningLabView.swift */,
				A1000000000000000000009 /* WorkspaceView.swift */,
				A1000000000000000000008 /* QueueSimulation.swift */,
			);
			path = KyraVision;
			sourceTree = "<group>";
		};
		A1000000000000000000302 /* Products */ = {
			isa = PBXGroup;
			children = (
				A1000000000000000000000 /* KyraVision.app */,
			);
			name = Products;
			sourceTree = "<group>";
		};
/* End PBXGroup section */

/* Begin PBXNativeTarget section */
		A1000000000000000000400 /* KyraVision */ = {
			isa = PBXNativeTarget;
			buildConfigurationList = A1000000000000000000501 /* Build configuration list for PBXNativeTarget "KyraVision" */;
			buildPhases = (
				A1000000000000000000201 /* Sources */,
				A1000000000000000000200 /* Frameworks */,
				A1000000000000000000202 /* Resources */,
			);
			buildRules = (
			);
			dependencies = (
			);
			name = KyraVision;
			productName = KyraVision;
			productReference = A1000000000000000000000 /* KyraVision.app */;
			productType = "com.apple.product-type.application";
		};
/* End PBXNativeTarget section */

/* Begin PBXProject section */
		A1000000000000000000600 /* Project object */ = {
			isa = PBXProject;
			attributes = {
				BuildIndependentTargetsInParallel = 1;
				LastSwiftUpdateCheck = 1600;
				LastUpgradeCheck = 1600;
				TargetAttributes = {
					A1000000000000000000400 = {
						CreatedOnToolsVersion = 16.0;
					};
				};
			};
			buildConfigurationList = A1000000000000000000500 /* Build configuration list for PBXProject "KyraVision" */;
			compatibilityVersion = "Xcode 14.0";
			developmentRegion = en;
			hasScannedForEncodings = 0;
			knownRegions = (
				en,
				Base,
			);
			mainGroup = A1000000000000000000300;
			productRefGroup = A1000000000000000000302 /* Products */;
			projectDirPath = "";
			projectRoot = "";
			targets = (
				A1000000000000000000400 /* KyraVision */,
			);
		};
/* End PBXProject section */

/* Begin PBXResourcesBuildPhase section */
		A1000000000000000000202 /* Resources */ = {
			isa = PBXResourcesBuildPhase;
			buildActionMask = 2147483647;
			files = (
				A1000000000000000000115 /* Assets.xcassets in Resources */,
			);
			runOnlyForDeploymentPostprocessing = 0;
		};
/* End PBXResourcesBuildPhase section */

/* Begin PBXSourcesBuildPhase section */
		A1000000000000000000201 /* Sources */ = {
			isa = PBXSourcesBuildPhase;
			buildActionMask = 2147483647;
			files = (
				B20000000000000000000027 /* CastLayout.swift in Sources */,
				B20000000000000000000028 /* CastSpace.swift in Sources */,
				B20000000000000000000029 /* CastArtifacts.swift in Sources */,
				B20000000000000000000030 /* CastArtifactScene.swift in Sources */,
				B20000000000000000000020 /* CastWindowScene.swift in Sources */,
				B20000000000000000000021 /* CastProtocol.swift in Sources */,
				B20000000000000000000022 /* CastConnection.swift in Sources */,
				B20000000000000000000023 /* CastVideo.swift in Sources */,
				B20000000000000000000024 /* CastClient.swift in Sources */,
                B20000000000000000000025 /* CastCredentials.swift in Sources */,
                B20000000000000000000026 /* StreamManagement.swift in Sources */,
				A1000000000000000000118 /* PanelWindows.swift in Sources */,
				A1000000000000000000119 /* PanelWindowScene.swift in Sources */,
				B20000000000000000000032 /* OwlVolumeView.swift in Sources */,
				B20000000000000000000031 /* OwlPose.swift in Sources */,
				B20000000000000000000033 /* OwlMotion.swift in Sources */,
				B20000000000000000000035 /* OwlGeometry.swift in Sources */,
				B20000000000000000000037 /* PetLanding.swift in Sources */,
				B20000000000000000000039 /* CapybaraVolumeView.swift in Sources */,
				B20000000000000000000042 /* CompanionPresentation.swift in Sources */,
				B20000000000000000000044 /* PetPerchView.swift in Sources */,
				B20000000000000000000047 /* PetPoseSource.swift in Sources */,
				B20000000000000000000050 /* PetActionDock.swift in Sources */,
				B20000000000000000000049 /* PetPlacementGuide.swift in Sources */,
				B20000000000000000000048 /* PetDock.swift in Sources */,
				B20000000000000000000046 /* PetFollowView.swift in Sources */,
				B20000000000000000000045 /* PetFollow.swift in Sources */,
				B20000000000000000000043 /* PetPerch.swift in Sources */,
				B20000000000000000000041 /* PetLifecycle.swift in Sources */,
				B20000000000000000000040 /* PetRolePolicy.swift in Sources */,
				B20000000000000000000038 /* CapybaraGeometry.swift in Sources */,
				B20000000000000000000036 /* PetLayout.swift in Sources */,
				B20000000000000000000051 /* SketchStrokeMesh.swift in Sources */,
				B20000000000000000000052 /* SpatialSketch.swift in Sources */,
				B20000000000000000000053 /* SketchSpaceView.swift in Sources */,
				B20000000000000000000060 /* Model3D.swift in Sources */,
				B20000000000000000000061 /* Model3DView.swift in Sources */,
				B20000000000000000000034 /* OwlStance.swift in Sources */,
				A1000000000000000000117 /* SecondOpinion.swift in Sources */,
				A1000000000000000000116 /* OrbPresentation.swift in Sources */,
				A1000000000000000000113 /* VoiceInput.swift in Sources */,
				A1000000000000000000114 /* VoiceStream.swift in Sources */,
				A1000000000000000000101 /* KyraVisionApp.swift in Sources */,
				A1000000000000000000102 /* ContentView.swift in Sources */,
				A1000000000000000000103 /* KyraClient.swift in Sources */,
				A1000000000000000000104 /* PresenceOrb.swift in Sources */,
				A1000000000000000000105 /* SpeechPlayer.swift in Sources */,
				A1000000000000000000107 /* TodayView.swift in Sources */,
				A1000000000000000000112 /* LearningLab.swift in Sources */,
				A1000000000000000000111 /* WorkspaceState.swift in Sources */,
				A1000000000000000000110 /* LearningLabView.swift in Sources */,
				A1000000000000000000109 /* WorkspaceView.swift in Sources */,
				A1000000000000000000108 /* QueueSimulation.swift in Sources */,
			);
			runOnlyForDeploymentPostprocessing = 0;
		};
/* End PBXSourcesBuildPhase section */

/* Begin XCBuildConfiguration section */
		A1000000000000000000700 /* Debug */ = {
			isa = XCBuildConfiguration;
			buildSettings = {
				ALWAYS_SEARCH_USER_PATHS = NO;
				CLANG_ENABLE_MODULES = YES;
				CLANG_ENABLE_OBJC_ARC = YES;
				COPY_PHASE_STRIP = NO;
				DEBUG_INFORMATION_FORMAT = dwarf;
				ENABLE_STRICT_OBJC_MSGSEND = YES;
				ENABLE_TESTABILITY = YES;
				GCC_NO_COMMON_BLOCKS = YES;
				GCC_OPTIMIZATION_LEVEL = 0;
				GCC_PREPROCESSOR_DEFINITIONS = (
					"DEBUG=1",
					"$(inherited)",
				);
				MTL_ENABLE_DEBUG_INFO = INCLUDE_SOURCE;
				MTL_FAST_MATH = YES;
				ONLY_ACTIVE_ARCH = YES;
				SDKROOT = xros;
				SWIFT_ACTIVE_COMPILATION_CONDITIONS = "DEBUG $(inherited)";
				SWIFT_OPTIMIZATION_LEVEL = "-Onone";
				SWIFT_VERSION = 5.0;
				XROS_DEPLOYMENT_TARGET = 26.0;
			};
			name = Debug;
		};
		A1000000000000000000701 /* Release */ = {
			isa = XCBuildConfiguration;
			buildSettings = {
				ALWAYS_SEARCH_USER_PATHS = NO;
				CLANG_ENABLE_MODULES = YES;
				CLANG_ENABLE_OBJC_ARC = YES;
				COPY_PHASE_STRIP = NO;
				DEBUG_INFORMATION_FORMAT = "dwarf-with-dsym";
				ENABLE_NS_ASSERTIONS = NO;
				ENABLE_STRICT_OBJC_MSGSEND = YES;
				GCC_NO_COMMON_BLOCKS = YES;
				MTL_ENABLE_DEBUG_INFO = NO;
				MTL_FAST_MATH = YES;
				SDKROOT = xros;
				SWIFT_COMPILATION_MODE = wholemodule;
				SWIFT_VERSION = 5.0;
				VALIDATE_PRODUCT = YES;
				XROS_DEPLOYMENT_TARGET = 26.0;
			};
			name = Release;
		};
		A1000000000000000000800 /* Debug */ = {
			isa = XCBuildConfiguration;
			buildSettings = {
				ASSETCATALOG_COMPILER_APPICON_NAME = AppIcon;
				CODE_SIGN_STYLE = Automatic;
				DEVELOPMENT_TEAM = "";
				CURRENT_PROJECT_VERSION = 1;
				ENABLE_PREVIEWS = YES;
				GENERATE_INFOPLIST_FILE = YES;
				INFOPLIST_KEY_NSLocalNetworkUsageDescription = "Kyra runs on your Mac; the headset talks to it over your own Wi-Fi.";
				INFOPLIST_KEY_NSMicrophoneUsageDescription = "So you can talk to Kyra.";
				INFOPLIST_KEY_NSHandsTrackingUsageDescription = "Track your index finger and pinch to draw private lines in Kyra Sketch.";
				INFOPLIST_KEY_NSSpeechRecognitionUsageDescription = "So Kyra can hear what you say.";
				INFOPLIST_KEY_UIApplicationSceneManifest_Generation = YES;
				LD_RUNPATH_SEARCH_PATHS = (
					"$(inherited)",
					"@executable_path/Frameworks",
				);
				MARKETING_VERSION = 0.1;
				PRODUCT_BUNDLE_IDENTIFIER = com.kyra.KyraVision;
				PRODUCT_NAME = "$(TARGET_NAME)";
				SUPPORTED_PLATFORMS = "xros xrsimulator";
				SWIFT_EMIT_LOC_STRINGS = YES;
				TARGETED_DEVICE_FAMILY = 7;
			};
			name = Debug;
		};
		A1000000000000000000801 /* Release */ = {
			isa = XCBuildConfiguration;
			buildSettings = {
				ASSETCATALOG_COMPILER_APPICON_NAME = AppIcon;
				CODE_SIGN_STYLE = Automatic;
				DEVELOPMENT_TEAM = "";
				CURRENT_PROJECT_VERSION = 1;
				ENABLE_PREVIEWS = YES;
				GENERATE_INFOPLIST_FILE = YES;
				INFOPLIST_KEY_NSLocalNetworkUsageDescription = "Kyra runs on your Mac; the headset talks to it over your own Wi-Fi.";
				INFOPLIST_KEY_NSMicrophoneUsageDescription = "So you can talk to Kyra.";
				INFOPLIST_KEY_NSHandsTrackingUsageDescription = "Track your index finger and pinch to draw private lines in Kyra Sketch.";
				INFOPLIST_KEY_NSSpeechRecognitionUsageDescription = "So Kyra can hear what you say.";
				INFOPLIST_KEY_UIApplicationSceneManifest_Generation = YES;
				LD_RUNPATH_SEARCH_PATHS = (
					"$(inherited)",
					"@executable_path/Frameworks",
				);
				MARKETING_VERSION = 0.1;
				PRODUCT_BUNDLE_IDENTIFIER = com.kyra.KyraVision;
				PRODUCT_NAME = "$(TARGET_NAME)";
				SUPPORTED_PLATFORMS = "xros xrsimulator";
				SWIFT_EMIT_LOC_STRINGS = YES;
				TARGETED_DEVICE_FAMILY = 7;
			};
			name = Release;
		};
/* End XCBuildConfiguration section */

/* Begin XCConfigurationList section */
		A1000000000000000000500 /* Build configuration list for PBXProject "KyraVision" */ = {
			isa = XCConfigurationList;
			buildConfigurations = (
				A1000000000000000000700 /* Debug */,
				A1000000000000000000701 /* Release */,
			);
			defaultConfigurationIsVisible = 0;
			defaultConfigurationName = Release;
		};
		A1000000000000000000501 /* Build configuration list for PBXNativeTarget "KyraVision" */ = {
			isa = XCConfigurationList;
			buildConfigurations = (
				A1000000000000000000800 /* Debug */,
				A1000000000000000000801 /* Release */,
			);
			defaultConfigurationIsVisible = 0;
			defaultConfigurationName = Release;
		};
/* End XCConfigurationList section */
	};
	rootObject = A1000000000000000000600 /* Project object */;
}
